
Microsoft Visual Studio Solution File, Format Version 12.00
# Visual Studio 15
VisualStudioVersion = 15.0.27626.0
MinimumVisualStudioVersion = 10.0.40219.1
Project("{FAE04EC0-301F-11D3-BF4B-00C04F79EFBC}") = "RemoveLogLines", "RemoveLogLines\RemoveLogLines\RemoveLogLines.csproj", "{927CE6C7-FEED-4019-BF3C-A208CFB6402A}"
EndProject
Project("{FAE04EC0-301F-11D3-BF4B-00C04F79EFBC}") = "RemoveLogLines.Test", "RemoveLogLines\RemoveLogLines.Test\RemoveLogLines.Test.csproj", "{EEC562B3-8C38-4AE9-A2C4-F8920FED452F}"
EndProject
Project("{FAE04EC0-301F-11D3-BF4B-00C04F79EFBC}") = "RemoveLogLines.Vsix", "RemoveLogLines\RemoveLogLines.Vsix\RemoveLogLines.Vsix.csproj", "{61F30B6B-1B5F-49D5-9696-1B9819DFC8BD}"
EndProject
Global
	GlobalSection(SolutionConfigurationPlatforms) = preSolution
		Debug|Any CPU = Debug|Any CPU
		Release|Any CPU = Release|Any CPU
	EndGlobalSection
	GlobalSection(ProjectConfigurationPlatforms) = postSolution
		{927CE6C7-FEED-4019-BF3C-A208CFB6402A}.Debug|Any CPU.ActiveCfg = Debug|Any CPU
		{927CE6C7-FEED-4019-BF3C-A208CFB6402A}.Debug|Any CPU.Build.0 = Debug|Any CPU
		{927CE6C7-FEED-4019-BF3C-A208CFB6402A}.Release|Any CPU.ActiveCfg = Release|Any CPU
		{927CE6C7-FEED-4019-BF3C-A208CFB6402A}.Release|Any CPU.Build.0 = Release|Any CPU
		{EEC562B3-8C38-4AE9-A2C4-F8920FED452F}.Debug|Any CPU.ActiveCfg = Debug|Any CPU
		{EEC562B3-8C38-4AE9-A2C4-F8920FED452F}.Debug|Any CPU.Build.0 = Debug|Any CPU
		{EEC562B3-8C38-4AE9-A2C4-F8920FED452F}.Release|Any CPU.ActiveCfg = Release|Any CPU
		{EEC562B3-8C38-4AE9-A2C4-F8920FED452F}.Release|Any CPU.Build.0 = Release|Any CPU
		{61F30B6B-1B5F-49D5-9696-1B9819DFC8BD}.Debug|Any CPU.ActiveCfg = Debug|Any CPU
		{61F30B6B-1B5F-49D5-9696-1B9819DFC8BD}.Debug|Any CPU.Build.0 = Debug|Any CPU
		{61F30B6B-1B5F-49D5-9696-1B9819DFC8BD}.Release|Any CPU.ActiveCfg = Release|Any CPU
		{61F30B6B-1B5F-49D5-9696-1B9819DFC8BD}.Release|Any CPU.Build.0 = Release|Any CPU
	EndGlobalSection
	GlobalSection(SolutionProperties) = preSolution
		HideSolutionNode = FALSE
	EndGlobalSection
	GlobalSection(ExtensibilityGlobals) = postSolution
		SolutionGuid = {5E858756-9874-479E-A673-58169F51E37F}
	EndGlobalSection
EndGlobal
